
Microsoft Visual Studio Solution File, Format Version 12.00
# Visual Studio 15
VisualStudioVersion = 15.0.27130.0
MinimumVisualStudioVersion = 10.0.40219.1
Project("{FAE04EC0-301F-11D3-BF4B-00C04F79EFBC}") = "CodingAssessment", "CodingAssessment\CodingAssessment.csproj", "{42F0B445-0BE7-4C80-BC6F-95A39BBDE0AA}"
EndProject
Project("{FAE04EC0-301F-11D3-BF4B-00C04F79EFBC}") = "FileUtilities", "FileUtilities\FileUtilities.csproj", "{50B54DC4-248C-4D74-9B13-51B8F45C0F20}"
EndProject
Global
	GlobalSection(SolutionConfigurationPlatforms) = preSolution
		Debug|Any CPU = Debug|Any CPU
		Release|Any CPU = Release|Any CPU
	EndGlobalSection
	GlobalSection(ProjectConfigurationPlatforms) = postSolution
		{42F0B445-0BE7-4C80-BC6F-95A39BBDE0AA}.Debug|Any CPU.ActiveCfg = Debug|Any CPU
		{42F0B445-0BE7-4C80-BC6F-95A39BBDE0AA}.Debug|Any CPU.Build.0 = Debug|Any CPU
		{42F0B445-0BE7-4C80-BC6F-95A39BBDE0AA}.Release|Any CPU.ActiveCfg = Release|Any CPU
		{42F0B445-0BE7-4C80-BC6F-95A39BBDE0AA}.Release|Any CPU.Build.0 = Release|Any CPU
		{50B54DC4-248C-4D74-9B13-51B8F45C0F20}.Debug|Any CPU.ActiveCfg = Debug|Any CPU
		{50B54DC4-248C-4D74-9B13-51B8F45C0F20}.Debug|Any CPU.Build.0 = Debug|Any CPU
		{50B54DC4-248C-4D74-9B13-51B8F45C0F20}.Release|Any CPU.ActiveCfg = Release|Any CPU
		{50B54DC4-248C-4D74-9B13-51B8F45C0F20}.Release|Any CPU.Build.0 = Release|Any CPU
	EndGlobalSection
	GlobalSection(SolutionProperties) = preSolution
		HideSolutionNode = FALSE
	EndGlobalSection
	GlobalSection(ExtensibilityGlobals) = postSolution
		SolutionGuid = {3B07E86B-A655-49DB-A601-76821DA53065}
	EndGlobalSection
EndGlobal
